{
    "_readme": [
        "This file locks the dependencies of your project to a known state",
        "Read more about it at https://getcomposer.org/doc/01-basic-usage.md#installing-dependencies",
        "This file is @generated automatically"
    ],
    "content-hash": "143fb3f62bf70076af79d97b5c903be5",
    "packages": [
        {
            "name": "aweitian/pinyin",
            "version": "1.0.0",
            "source": {
                "type": "git",
                "url": "https://github.com/aweitian/PinYin.git",
                "reference": "40870458a44125efb917387812fcd30cffef398c"
            },
            "dist": {
                "type": "zip",
                "url": "https://api.github.com/repos/aweitian/PinYin/zipball/40870458a44125efb917387812fcd30cffef398c",
                "reference": "40870458a44125efb917387812fcd30cffef398c",
                "shasum": "",
                "mirrors": [
                    {
                        "url": "https://mirrors.aliyun.com/composer/dists/%package%/%reference%.%type%",
                        "preferred": true
                    }
                ]
            },
            "require": {
                "php": ">=5.3.0"
            },
            "require-dev": {
                "phpunit/phpunit": "~4.0"
            },
            "type": "library",
            "autoload": {
                "files": [],
                "psr-4": {
                    "Aw\\": "src/"
                }
            },
            "notification-url": "https://packagist.org/downloads/",
            "license": [
                "MIT"
            ],
            "authors": [
                {
                    "name": "awei.tian@qq.com",
                    "email": "531164479@qq.com"
                }
            ],
            "description": "php 汉字转拼音",
            "homepage": "https://github.com/aweitian/PinYin",
            "time": "2018-10-25T05:38:22+00:00"
        },
        {
            "name": "duncan3dc/bom-string",
            "version": "1.1.0",
            "source": {
                "type": "git",
                "url": "https://github.com/duncan3dc/bom-string.git",
                "reference": "7310a919404cff41d8c268251cc794052cbbfab7"
            },
            "dist": {
                "type": "zip",
                "url": "https://api.github.com/repos/duncan3dc/bom-string/zipball/7310a919404cff41d8c268251cc794052cbbfab7",
                "reference": "7310a919404cff41d8c268251cc794052cbbfab7",
                "shasum": "",
                "mirrors": [
                    {
                        "url": "https://mirrors.aliyun.com/composer/dists/%package%/%reference%.%type%",
                        "preferred": true
                    }
                ]
            },
            "require": {
                "ext-mbstring": "*",
                "php": "^7.2 || ^8.0"
            },
            "require-dev": {
                "maglnet/composer-require-checker": "^2.0",
                "phpstan/phpstan": "^0.11.7",
                "phpunit/phpunit": "^8.1",
                "squizlabs/php_codesniffer": "^3.4"
            },
            "type": "library",
            "autoload": {
                "psr-4": {
                    "duncan3dc\\Bom\\": "src/"
                }
            },
            "notification-url": "https://packagist.org/downloads/",
            "license": [
                "Apache-2.0"
            ],
            "authors": [
                {
                    "name": "Craig Duncan",
                    "email": "git@duncanc.co.uk",
                    "homepage": "https://github.com/duncan3dc",
                    "role": "Developer"
                }
            ],
            "description": "A small PHP library to handle byte order marks (BOM)",
            "homepage": "https://github.com/duncan3dc/bom-string",
            "keywords": [
                "bom",
                "utf-16",
                "utf-8",
                "utf16",
                "utf8"
            ],
            "time": "2020-10-04T15:23:04+00:00"
        },
        {
            "name": "duncan3dc/meta-audio",
            "version": "0.5.0",
            "source": {
                "type": "git",
                "url": "https://github.com/duncan3dc/meta-audio.git",
                "reference": "5656152bf3a7d26544782c2e702f8e815b2eba3e"
            },
            "dist": {
                "type": "zip",
                "url": "https://api.github.com/repos/duncan3dc/meta-audio/zipball/5656152bf3a7d26544782c2e702f8e815b2eba3e",
                "reference": "5656152bf3a7d26544782c2e702f8e815b2eba3e",
                "shasum": "",
                "mirrors": [
                    {
                        "url": "https://mirrors.aliyun.com/composer/dists/%package%/%reference%.%type%",
                        "preferred": true
                    }
                ]
            },
            "require": {
                "duncan3dc/bom-string": "^1.0",
                "php": "^7.2"
            },
            "require-dev": {
                "duncan3dc/object-intruder": "^0.3.0",
                "duncan3dc/php-ini": "^1.0",
                "maglnet/composer-require-checker": "^2.0",
                "mockery/mockery": "^1.2",
                "phpunit/phpunit": "^8.2",
                "squizlabs/php_codesniffer": "^3.4"
            },
            "type": "library",
            "autoload": {
                "psr-4": {
                    "duncan3dc\\MetaAudio\\": "src/"
                }
            },
            "notification-url": "https://packagist.org/downloads/",
            "license": [
                "Apache-2.0"
            ],
            "authors": [
                {
                    "name": "Craig Duncan",
                    "email": "git@duncanc.co.uk",
                    "homepage": "https://github.com/duncan3dc",
                    "role": "Developer"
                }
            ],
            "description": "A library to read and write metadata tags to audio files",
            "homepage": "https://github.com/duncan3dc/meta-audio",
            "keywords": [
                "MPG",
                "apetag",
                "apev1",
                "apev2",
                "audio",
                "id3",
                "id3v1",
                "id3v2",
                "metadata"
            ],
            "time": "2020-05-07T14:55:11+00:00"
        }
    ],
    "packages-dev": [],
    "aliases": [],
    "minimum-stability": "stable",
    "stability-flags": [],
    "prefer-stable": false,
    "prefer-lowest": false,
    "platform": [],
    "platform-dev": [],
    "plugin-api-version": "1.1.0"
}
